<?xml version="1.0" encoding="utf-8"?>
<Project ToolsVersion="4.0" xmlns="http://schemas.microsoft.com/developer/msbuild/2003">
  <ItemGroup>
    <Filter Include="Source Files">
      <UniqueIdentifier>{4FC737F1-C7A5-4376-A066-2A32D752A2FF}</UniqueIdentifier>
      <Extensions>cpp;c;cc;cxx;c++;cppm;ixx;def;odl;idl;hpj;bat;asm;asmx</Extensions>
    </Filter>
    <Filter Include="Header Files">
      <UniqueIdentifier>{93995380-89BD-4b04-88EB-625FBE52EBFB}</UniqueIdentifier>
      <Extensions>h;hh;hpp;hxx;h++;hm;inl;inc;ipp;xsd</Extensions>
    </Filter>
    <Filter Include="Resource Files">
      <UniqueIdentifier>{67DA6AB6-F800-4c08-8B7A-83BB121AAD01}</UniqueIdentifier>
      <Extensions>rc;ico;cur;bmp;dlg;rc2;rct;bin;rgs;gif;jpg;jpeg;jpe;resx;tiff;tif;png;wav;mfcribbon-ms</Extensions>
    </Filter>
  </ItemGroup>
  <ItemGroup>
    <ClCompile Include="src\RenderModule\Assets\CShaderAsset.cpp">
      <Filter>Source Files</Filter>
    </ClCompile>
    <ClCompile Include="src\RenderModule\Camera\CCameraBuffer.cpp">
      <Filter>Source Files</Filter>
    </ClCompile>
    <ClCompile Include="src\RenderModule\Camera\CCameraEntity.cpp">
      <Filter>Source Files</Filter>
    </ClCompile>
    <ClCompile Include="src\RenderModule\Camera\CCameraManager.cpp">
      <Filter>Source Files</Filter>
    </ClCompile>
    <ClCompile Include="src\RenderModule\Camera\CFrustumCollider.cpp">
      <Filter>Source Files</Filter>
    </ClCompile>
    <ClCompile Include="src\RenderModule\Mesh\AbstractMesh\MeshBuffer\CAbstractMeshBuffer.cpp">
      <Filter>Source Files</Filter>
    </ClCompile>
    <ClCompile Include="src\RenderModule\Mesh\AbstractMesh\MeshBuffer\CTemplateMeshBuffer.cpp">
      <Filter>Source Files</Filter>
    </ClCompile>
    <ClCompile Include="src\RenderModule\Mesh\AbstractMesh\CAbstractMesh.cpp">
      <Filter>Source Files</Filter>
    </ClCompile>
    <ClCompile Include="src\RenderModule\Mesh\CStaticMesh.cpp">
      <Filter>Source Files</Filter>
    </ClCompile>
    <ClCompile Include="src\RenderModule\RenderingObjects\CDisplay.cpp">
      <Filter>Source Files</Filter>
    </ClCompile>
    <ClCompile Include="src\RenderModule\RenderingObjects\CShader.cpp">
      <Filter>Source Files</Filter>
    </ClCompile>
    <ClCompile Include="src\RenderModule\RenderingObjects\CTexture.cpp">
      <Filter>Source Files</Filter>
    </ClCompile>
    <ClCompile Include="src\RenderModule\RenderingObjects\CTextureAtlas.cpp">
      <Filter>Source Files</Filter>
    </ClCompile>
    <ClCompile Include="src\RenderModule\RenderPipeline\CMeshRenderEntity.cpp">
      <Filter>Source Files</Filter>
    </ClCompile>
    <ClCompile Include="src\RenderModule\RenderPipeline\CRenderPipeline.cpp">
      <Filter>Source Files</Filter>
    </ClCompile>
    <ClCompile Include="src\RenderModule\CEngineRenderModule.cpp">
      <Filter>Source Files</Filter>
    </ClCompile>
  </ItemGroup>
  <ItemGroup>
    <ClInclude Include="src\RenderModule\Assets\CShaderAsset.h">
      <Filter>Header Files</Filter>
    </ClInclude>
    <ClInclude Include="src\RenderModule\Camera\CCameraBuffer.h">
      <Filter>Header Files</Filter>
    </ClInclude>
    <ClInclude Include="src\RenderModule\Camera\CCameraEntity.h">
      <Filter>Header Files</Filter>
    </ClInclude>
    <ClInclude Include="src\RenderModule\Camera\CCameraManager.h">
      <Filter>Header Files</Filter>
    </ClInclude>
    <ClInclude Include="src\RenderModule\Camera\CFrustumCollider.h">
      <Filter>Header Files</Filter>
    </ClInclude>
    <ClInclude Include="src\RenderModule\Mesh\AbstractMesh\MeshBuffer\CAbstractMeshBuffer.h">
      <Filter>Header Files</Filter>
    </ClInclude>
    <ClInclude Include="src\RenderModule\Mesh\AbstractMesh\MeshBuffer\CTemplateMeshBuffer.h">
      <Filter>Header Files</Filter>
    </ClInclude>
    <ClInclude Include="src\RenderModule\Mesh\AbstractMesh\CAbstractMesh.h">
      <Filter>Header Files</Filter>
    </ClInclude>
    <ClInclude Include="src\RenderModule\Mesh\CStaticMesh.h">
      <Filter>Header Files</Filter>
    </ClInclude>
    <ClInclude Include="src\RenderModule\RenderingObjects\CDisplay.h">
      <Filter>Header Files</Filter>
    </ClInclude>
    <ClInclude Include="src\RenderModule\RenderingObjects\CShader.h">
      <Filter>Header Files</Filter>
    </ClInclude>
    <ClInclude Include="src\RenderModule\RenderingObjects\CTexture.h">
      <Filter>Header Files</Filter>
    </ClInclude>
    <ClInclude Include="src\RenderModule\RenderingObjects\CTextureAtlas.h">
      <Filter>Header Files</Filter>
    </ClInclude>
    <ClInclude Include="src\RenderModule\RenderPipeline\CMeshRenderEntity.h">
      <Filter>Header Files</Filter>
    </ClInclude>
    <ClInclude Include="src\RenderModule\RenderPipeline\CRenderPipeline.h">
      <Filter>Header Files</Filter>
    </ClInclude>
    <ClInclude Include="src\RenderModule\CEngineRenderModule.h">
      <Filter>Header Files</Filter>
    </ClInclude>
  </ItemGroup>
</Project>